// !$*UTF8*$!
{
	archiveVersion = 1;
	classes = {
	};
	objectVersion = 50;
	objects = {

/* Begin PBXBuildFile section */
		9CFA8E5622B9C00F00C09D93 /* AppDelegate.swift in Sources */ = {isa = PBXBuildFile; fileRef = 9CFA8E5522B9C00F00C09D93 /* AppDelegate.swift */; };
		9CFA8E5B22B9C00F00C09D93 /* Main.storyboard in Resources */ = {isa = PBXBuildFile; fileRef = 9CFA8E5922B9C00F00C09D93 /* Main.storyboard */; };
		9CFA8E5D22B9C01100C09D93 /* Assets.xcassets in Resources */ = {isa = PBXBuildFile; fileRef = 9CFA8E5C22B9C01100C09D93 /* Assets.xcassets */; };
		9CFA8E6022B9C01100C09D93 /* LaunchScreen.storyboard in Resources */ = {isa = PBXBuildFile; fileRef = 9CFA8E5E22B9C01100C09D93 /* LaunchScreen.storyboard */; };
		9CFA8E6922B9D20700C09D93 /* UIView+Extension.swift in Sources */ = {isa = PBXBuildFile; fileRef = 9CFA8E6822B9D20700C09D93 /* UIView+Extension.swift */; };
		9CFA8E7322B9D5CF00C09D93 /* ListTableViewCell.swift in Sources */ = {isa = PBXBuildFile; fileRef = 9CFA8E7122B9D5CF00C09D93 /* ListTableViewCell.swift */; };
		9CFA8E7422B9D5CF00C09D93 /* ListTableViewCell.xib in Resources */ = {isa = PBXBuildFile; fileRef = 9CFA8E7222B9D5CF00C09D93 /* ListTableViewCell.xib */; };
		9CFA8E7622B9D5F900C09D93 /* ListViewController.swift in Sources */ = {isa = PBXBuildFile; fileRef = 9CFA8E7522B9D5F900C09D93 /* ListViewController.swift */; };
		9CFA8E7822B9E43400C09D93 /* DetailViewController.swift in Sources */ = {isa = PBXBuildFile; fileRef = 9CFA8E7722B9E43400C09D93 /* DetailViewController.swift */; };
		9CFA8E7B22BA079900C09D93 /* OverviewTableViewCell.swift in Sources */ = {isa = PBXBuildFile; fileRef = 9CFA8E7922BA079900C09D93 /* OverviewTableViewCell.swift */; };
		9CFA8E7C22BA079900C09D93 /* OverviewTableViewCell.xib in Resources */ = {isa = PBXBuildFile; fileRef = 9CFA8E7A22BA079900C09D93 /* OverviewTableViewCell.xib */; };
		9CFA8E7E22BA156700C09D93 /* UITableView+Extension.swift in Sources */ = {isa = PBXBuildFile; fileRef = 9CFA8E7D22BA156700C09D93 /* UITableView+Extension.swift */; };
		9CFA8E8122BA170500C09D93 /* GalleryCollectionViewCell.swift in Sources */ = {isa = PBXBuildFile; fileRef = 9CFA8E7F22BA170500C09D93 /* GalleryCollectionViewCell.swift */; };
		9CFA8E8222BA170500C09D93 /* GalleryCollectionViewCell.xib in Resources */ = {isa = PBXBuildFile; fileRef = 9CFA8E8022BA170500C09D93 /* GalleryCollectionViewCell.xib */; };
		9CFA8E8422BA171900C09D93 /* UICollectionView+Extension.swift in Sources */ = {isa = PBXBuildFile; fileRef = 9CFA8E8322BA171900C09D93 /* UICollectionView+Extension.swift */; };
		E96DD5E5082528501CBA7FCA /* Pods_PicCollage_Quiz.framework in Frameworks */ = {isa = PBXBuildFile; fileRef = AC33C6A499ADB9DF06590149 /* Pods_PicCollage_Quiz.framework */; };
/* End PBXBuildFile section */

/* Begin PBXFileReference section */
		895A56FB592C2D9CAD4A637F /* Pods-PicCollage Quiz.release.xcconfig */ = {isa = PBXFileReference; includeInIndex = 1; lastKnownFileType = text.xcconfig; name = "Pods-PicCollage Quiz.release.xcconfig"; path = "Target Support Files/Pods-PicCollage Quiz/Pods-PicCollage Quiz.release.xcconfig"; sourceTree = "<group>"; };
		92643AF6A9A14BCB27E7E55B /* Pods-PicCollage Quiz.debug.xcconfig */ = {isa = PBXFileReference; includeInIndex = 1; lastKnownFileType = text.xcconfig; name = "Pods-PicCollage Quiz.debug.xcconfig"; path = "Target Support Files/Pods-PicCollage Quiz/Pods-PicCollage Quiz.debug.xcconfig"; sourceTree = "<group>"; };
		9CFA8E5222B9C00F00C09D93 /* PicCollage Quiz.app */ = {isa = PBXFileReference; explicitFileType = wrapper.application; includeInIndex = 0; path = "PicCollage Quiz.app"; sourceTree = BUILT_PRODUCTS_DIR; };
		9CFA8E5522B9C00F00C09D93 /* AppDelegate.swift */ = {isa = PBXFileReference; lastKnownFileType = sourcecode.swift; path = AppDelegate.swift; sourceTree = "<group>"; };
		9CFA8E5A22B9C00F00C09D93 /* Base */ = {isa = PBXFileReference; lastKnownFileType = file.storyboard; name = Base; path = Base.lproj/Main.storyboard; sourceTree = "<group>"; };
		9CFA8E5C22B9C01100C09D93 /* Assets.xcassets */ = {isa = PBXFileReference; lastKnownFileType = folder.assetcatalog; path = Assets.xcassets; sourceTree = "<group>"; };
		9CFA8E5F22B9C01100C09D93 /* Base */ = {isa = PBXFileReference; lastKnownFileType = file.storyboard; name = Base; path = Base.lproj/LaunchScreen.storyboard; sourceTree = "<group>"; };
		9CFA8E6122B9C01100C09D93 /* Info.plist */ = {isa = PBXFileReference; lastKnownFileType = text.plist.xml; path = Info.plist; sourceTree = "<group>"; };
		9CFA8E6822B9D20700C09D93 /* UIView+Extension.swift */ = {isa = PBXFileReference; lastKnownFileType = sourcecode.swift; path = "UIView+Extension.swift"; sourceTree = "<group>"; };
		9CFA8E7122B9D5CF00C09D93 /* ListTableViewCell.swift */ = {isa = PBXFileReference; lastKnownFileType = sourcecode.swift; path = ListTableViewCell.swift; sourceTree = "<group>"; };
		9CFA8E7222B9D5CF00C09D93 /* ListTableViewCell.xib */ = {isa = PBXFileReference; lastKnownFileType = file.xib; path = ListTableViewCell.xib; sourceTree = "<group>"; };
		9CFA8E7522B9D5F900C09D93 /* ListViewController.swift */ = {isa = PBXFileReference; lastKnownFileType = sourcecode.swift; path = ListViewController.swift; sourceTree = "<group>"; };
		9CFA8E7722B9E43400C09D93 /* DetailViewController.swift */ = {isa = PBXFileReference; lastKnownFileType = sourcecode.swift; path = DetailViewController.swift; sourceTree = "<group>"; };
		9CFA8E7922BA079900C09D93 /* OverviewTableViewCell.swift */ = {isa = PBXFileReference; lastKnownFileType = sourcecode.swift; path = OverviewTableViewCell.swift; sourceTree = "<group>"; };
		9CFA8E7A22BA079900C09D93 /* OverviewTableViewCell.xib */ = {isa = PBXFileReference; lastKnownFileType = file.xib; path = OverviewTableViewCell.xib; sourceTree = "<group>"; };
		9CFA8E7D22BA156700C09D93 /* UITableView+Extension.swift */ = {isa = PBXFileReference; lastKnownFileType = sourcecode.swift; path = "UITableView+Extension.swift"; sourceTree = "<group>"; };
		9CFA8E7F22BA170500C09D93 /* GalleryCollectionViewCell.swift */ = {isa = PBXFileReference; lastKnownFileType = sourcecode.swift; path = GalleryCollectionViewCell.swift; sourceTree = "<group>"; };
		9CFA8E8022BA170500C09D93 /* GalleryCollectionViewCell.xib */ = {isa = PBXFileReference; lastKnownFileType = file.xib; path = GalleryCollectionViewCell.xib; sourceTree = "<group>"; };
		9CFA8E8322BA171900C09D93 /* UICollectionView+Extension.swift */ = {isa = PBXFileReference; lastKnownFileType = sourcecode.swift; path = "UICollectionView+Extension.swift"; sourceTree = "<group>"; };
		AC33C6A499ADB9DF06590149 /* Pods_PicCollage_Quiz.framework */ = {isa = PBXFileReference; explicitFileType = wrapper.framework; includeInIndex = 0; path = Pods_PicCollage_Quiz.framework; sourceTree = BUILT_PRODUCTS_DIR; };
/* End PBXFileReference section */

/* Begin PBXFrameworksBuildPhase section */
		9CFA8E4F22B9C00F00C09D93 /* Frameworks */ = {
			isa = PBXFrameworksBuildPhase;
			buildActionMask = 2147483647;
			files = (
				E96DD5E5082528501CBA7FCA /* Pods_PicCollage_Quiz.framework in Frameworks */,
			);
			runOnlyForDeploymentPostprocessing = 0;
		};
/* End PBXFrameworksBuildPhase section */

/* Begin PBXGroup section */
		9CFA8E4922B9C00F00C09D93 = {
			isa = PBXGroup;
			children = (
				9CFA8E5422B9C00F00C09D93 /* PicCollage Quiz */,
				9CFA8E5322B9C00F00C09D93 /* Products */,
				EBA4670F9D020A247650CDE0 /* Pods */,
				AFE848CDC5C189A323B23744 /* Frameworks */,
			);
			sourceTree = "<group>";
		};
		9CFA8E5322B9C00F00C09D93 /* Products */ = {
			isa = PBXGroup;
			children = (
				9CFA8E5222B9C00F00C09D93 /* PicCollage Quiz.app */,
			);
			name = Products;
			sourceTree = "<group>";
		};
		9CFA8E5422B9C00F00C09D93 /* PicCollage Quiz */ = {
			isa = PBXGroup;
			children = (
				9CFA8E5522B9C00F00C09D93 /* AppDelegate.swift */,
				9CFA8E6722B9D1D700C09D93 /* Extension */,
				9CFA8E6A22B9D24600C09D93 /* Controller */,
				9CFA8E6C22B9D26B00C09D93 /* Model */,
				9CFA8E6B22B9D25800C09D93 /* View */,
				9CFA8E5C22B9C01100C09D93 /* Assets.xcassets */,
				9CFA8E5E22B9C01100C09D93 /* LaunchScreen.storyboard */,
				9CFA8E6122B9C01100C09D93 /* Info.plist */,
			);
			path = "PicCollage Quiz";
			sourceTree = "<group>";
		};
		9CFA8E6722B9D1D700C09D93 /* Extension */ = {
			isa = PBXGroup;
			children = (
				9CFA8E6822B9D20700C09D93 /* UIView+Extension.swift */,
				9CFA8E7D22BA156700C09D93 /* UITableView+Extension.swift */,
				9CFA8E8322BA171900C09D93 /* UICollectionView+Extension.swift */,
			);
			path = Extension;
			sourceTree = "<group>";
		};
		9CFA8E6A22B9D24600C09D93 /* Controller */ = {
			isa = PBXGroup;
			children = (
				9CFA8E7522B9D5F900C09D93 /* ListViewController.swift */,
				9CFA8E7722B9E43400C09D93 /* DetailViewController.swift */,
			);
			path = Controller;
			sourceTree = "<group>";
		};
		9CFA8E6B22B9D25800C09D93 /* View */ = {
			isa = PBXGroup;
			children = (
				9CFA8E5922B9C00F00C09D93 /* Main.storyboard */,
				9CFA8E7122B9D5CF00C09D93 /* ListTableViewCell.swift */,
				9CFA8E7222B9D5CF00C09D93 /* ListTableViewCell.xib */,
				9CFA8E7922BA079900C09D93 /* OverviewTableViewCell.swift */,
				9CFA8E7A22BA079900C09D93 /* OverviewTableViewCell.xib */,
				9CFA8E7F22BA170500C09D93 /* GalleryCollectionViewCell.swift */,
				9CFA8E8022BA170500C09D93 /* GalleryCollectionViewCell.xib */,
			);
			path = View;
			sourceTree = "<group>";
		};
		9CFA8E6C22B9D26B00C09D93 /* Model */ = {
			isa = PBXGroup;
			children = (
			);
			path = Model;
			sourceTree = "<group>";
		};
		AFE848CDC5C189A323B23744 /* Frameworks */ = {
			isa = PBXGroup;
			children = (
				AC33C6A499ADB9DF06590149 /* Pods_PicCollage_Quiz.framework */,
			);
			name = Frameworks;
			sourceTree = "<group>";
		};
		EBA4670F9D020A247650CDE0 /* Pods */ = {
			isa = PBXGroup;
			children = (
				92643AF6A9A14BCB27E7E55B /* Pods-PicCollage Quiz.debug.xcconfig */,
				895A56FB592C2D9CAD4A637F /* Pods-PicCollage Quiz.release.xcconfig */,
			);
			path = Pods;
			sourceTree = "<group>";
		};
/* End PBXGroup section */

/* Begin PBXNativeTarget section */
		9CFA8E5122B9C00F00C09D93 /* PicCollage Quiz */ = {
			isa = PBXNativeTarget;
			buildConfigurationList = 9CFA8E6422B9C01100C09D93 /* Build configuration list for PBXNativeTarget "PicCollage Quiz" */;
			buildPhases = (
				893B727F6F7E586E4D0E71EB /* [CP] Check Pods Manifest.lock */,
				9CFA8E4E22B9C00F00C09D93 /* Sources */,
				9CFA8E4F22B9C00F00C09D93 /* Frameworks */,
				9CFA8E5022B9C00F00C09D93 /* Resources */,
				2C049FE44E1CEE4750EF55E7 /* [CP] Embed Pods Frameworks */,
			);
			buildRules = (
			);
			dependencies = (
			);
			name = "PicCollage Quiz";
			productName = "PicCollage Quiz";
			productReference = 9CFA8E5222B9C00F00C09D93 /* PicCollage Quiz.app */;
			productType = "com.apple.product-type.application";
		};
/* End PBXNativeTarget section */

/* Begin PBXProject section */
		9CFA8E4A22B9C00F00C09D93 /* Project object */ = {
			isa = PBXProject;
			attributes = {
				LastSwiftUpdateCheck = 1020;
				LastUpgradeCheck = 1020;
				ORGANIZATIONNAME = "Jo Yun Hsu";
				TargetAttributes = {
					9CFA8E5122B9C00F00C09D93 = {
						CreatedOnToolsVersion = 10.2.1;
					};
				};
			};
			buildConfigurationList = 9CFA8E4D22B9C00F00C09D93 /* Build configuration list for PBXProject "PicCollage Quiz" */;
			compatibilityVersion = "Xcode 9.3";
			developmentRegion = en;
			hasScannedForEncodings = 0;
			knownRegions = (
				en,
				Base,
			);
			mainGroup = 9CFA8E4922B9C00F00C09D93;
			productRefGroup = 9CFA8E5322B9C00F00C09D93 /* Products */;
			projectDirPath = "";
			projectRoot = "";
			targets = (
				9CFA8E5122B9C00F00C09D93 /* PicCollage Quiz */,
			);
		};
/* End PBXProject section */

/* Begin PBXResourcesBuildPhase section */
		9CFA8E5022B9C00F00C09D93 /* Resources */ = {
			isa = PBXResourcesBuildPhase;
			buildActionMask = 2147483647;
			files = (
				9CFA8E6022B9C01100C09D93 /* LaunchScreen.storyboard in Resources */,
				9CFA8E8222BA170500C09D93 /* GalleryCollectionViewCell.xib in Resources */,
				9CFA8E7422B9D5CF00C09D93 /* ListTableViewCell.xib in Resources */,
				9CFA8E5D22B9C01100C09D93 /* Assets.xcassets in Resources */,
				9CFA8E5B22B9C00F00C09D93 /* Main.storyboard in Resources */,
				9CFA8E7C22BA079900C09D93 /* OverviewTableViewCell.xib in Resources */,
			);
			runOnlyForDeploymentPostprocessing = 0;
		};
/* End PBXResourcesBuildPhase section */

/* Begin PBXShellScriptBuildPhase section */
		2C049FE44E1CEE4750EF55E7 /* [CP] Embed Pods Frameworks */ = {
			isa = PBXShellScriptBuildPhase;
			buildActionMask = 2147483647;
			files = (
			);
			inputFileListPaths = (
			);
			inputPaths = (
				"${PODS_ROOT}/Target Support Files/Pods-PicCollage Quiz/Pods-PicCollage Quiz-frameworks.sh",
				"${BUILT_PRODUCTS_DIR}/Cosmos/Cosmos.framework",
			);
			name = "[CP] Embed Pods Frameworks";
			outputFileListPaths = (
			);
			outputPaths = (
				"${TARGET_BUILD_DIR}/${FRAMEWORKS_FOLDER_PATH}/Cosmos.framework",
			);
			runOnlyForDeploymentPostprocessing = 0;
			shellPath = /bin/sh;
			shellScript = "\"${PODS_ROOT}/Target Support Files/Pods-PicCollage Quiz/Pods-PicCollage Quiz-frameworks.sh\"\n";
			showEnvVarsInLog = 0;
		};
		893B727F6F7E586E4D0E71EB /* [CP] Check Pods Manifest.lock */ = {
			isa = PBXShellScriptBuildPhase;
			buildActionMask = 2147483647;
			files = (
			);
			inputFileListPaths = (
			);
			inputPaths = (
				"${PODS_PODFILE_DIR_PATH}/Podfile.lock",
				"${PODS_ROOT}/Manifest.lock",
			);
			name = "[CP] Check Pods Manifest.lock";
			outputFileListPaths = (
			);
			outputPaths = (
				"$(DERIVED_FILE_DIR)/Pods-PicCollage Quiz-checkManifestLockResult.txt",
			);
			runOnlyForDeploymentPostprocessing = 0;
			shellPath = /bin/sh;
			shellScript = "diff \"${PODS_PODFILE_DIR_PATH}/Podfile.lock\" \"${PODS_ROOT}/Manifest.lock\" > /dev/null\nif [ $? != 0 ] ; then\n    # print error to STDERR\n    echo \"error: The sandbox is not in sync with the Podfile.lock. Run 'pod install' or update your CocoaPods installation.\" >&2\n    exit 1\nfi\n# This output is used by Xcode 'outputs' to avoid re-running this script phase.\necho \"SUCCESS\" > \"${SCRIPT_OUTPUT_FILE_0}\"\n";
			showEnvVarsInLog = 0;
		};
/* End PBXShellScriptBuildPhase section */

/* Begin PBXSourcesBuildPhase section */
		9CFA8E4E22B9C00F00C09D93 /* Sources */ = {
			isa = PBXSourcesBuildPhase;
			buildActionMask = 2147483647;
			files = (
				9CFA8E8422BA171900C09D93 /* UICollectionView+Extension.swift in Sources */,
				9CFA8E7E22BA156700C09D93 /* UITableView+Extension.swift in Sources */,
				9CFA8E8122BA170500C09D93 /* GalleryCollectionViewCell.swift in Sources */,
				9CFA8E6922B9D20700C09D93 /* UIView+Extension.swift in Sources */,
				9CFA8E7322B9D5CF00C09D93 /* ListTableViewCell.swift in Sources */,
				9CFA8E7822B9E43400C09D93 /* DetailViewController.swift in Sources */,
				9CFA8E7622B9D5F900C09D93 /* ListViewController.swift in Sources */,
				9CFA8E7B22BA079900C09D93 /* OverviewTableViewCell.swift in Sources */,
				9CFA8E5622B9C00F00C09D93 /* AppDelegate.swift in Sources */,
			);
			runOnlyForDeploymentPostprocessing = 0;
		};
/* End PBXSourcesBuildPhase section */

/* Begin PBXVariantGroup section */
		9CFA8E5922B9C00F00C09D93 /* Main.storyboard */ = {
			isa = PBXVariantGroup;
			children = (
				9CFA8E5A22B9C00F00C09D93 /* Base */,
			);
			name = Main.storyboard;
			sourceTree = "<group>";
		};
		9CFA8E5E22B9C01100C09D93 /* LaunchScreen.storyboard */ = {
			isa = PBXVariantGroup;
			children = (
				9CFA8E5F22B9C01100C09D93 /* Base */,
			);
			name = LaunchScreen.storyboard;
			sourceTree = "<group>";
		};
/* End PBXVariantGroup section */

/* Begin XCBuildConfiguration section */
		9CFA8E6222B9C01100C09D93 /* Debug */ = {
			isa = XCBuildConfiguration;
			buildSettings = {
				ALWAYS_SEARCH_USER_PATHS = NO;
				CLANG_ANALYZER_NONNULL = YES;
				CLANG_ANALYZER_NUMBER_OBJECT_CONVERSION = YES_AGGRESSIVE;
				CLANG_CXX_LANGUAGE_STANDARD = "gnu++14";
				CLANG_CXX_LIBRARY = "libc++";
				CLANG_ENABLE_MODULES = YES;
				CLANG_ENABLE_OBJC_ARC = YES;
				CLANG_ENABLE_OBJC_WEAK = YES;
				CLANG_WARN_BLOCK_CAPTURE_AUTORELEASING = YES;
				CLANG_WARN_BOOL_CONVERSION = YES;
				CLANG_WARN_COMMA = YES;
				CLANG_WARN_CONSTANT_CONVERSION = YES;
				CLANG_WARN_DEPRECATED_OBJC_IMPLEMENTATIONS = YES;
				CLANG_WARN_DIRECT_OBJC_ISA_USAGE = YES_ERROR;
				CLANG_WARN_DOCUMENTATION_COMMENTS = YES;
				CLANG_WARN_EMPTY_BODY = YES;
				CLANG_WARN_ENUM_CONVERSION = YES;
				CLANG_WARN_INFINITE_RECURSION = YES;
				CLANG_WARN_INT_CONVERSION = YES;
				CLANG_WARN_NON_LITERAL_NULL_CONVERSION = YES;
				CLANG_WARN_OBJC_IMPLICIT_RETAIN_SELF = YES;
				CLANG_WARN_OBJC_LITERAL_CONVERSION = YES;
				CLANG_WARN_OBJC_ROOT_CLASS = YES_ERROR;
				CLANG_WARN_RANGE_LOOP_ANALYSIS = YES;
				CLANG_WARN_STRICT_PROTOTYPES = YES;
				CLANG_WARN_SUSPICIOUS_MOVE = YES;
				CLANG_WARN_UNGUARDED_AVAILABILITY = YES_AGGRESSIVE;
				CLANG_WARN_UNREACHABLE_CODE = YES;
				CLANG_WARN__DUPLICATE_METHOD_MATCH = YES;
				CODE_SIGN_IDENTITY = "iPhone Developer";
				COPY_PHASE_STRIP = NO;
				DEBUG_INFORMATION_FORMAT = dwarf;
				ENABLE_STRICT_OBJC_MSGSEND = YES;
				ENABLE_TESTABILITY = YES;
				GCC_C_LANGUAGE_STANDARD = gnu11;
				GCC_DYNAMIC_NO_PIC = NO;
				GCC_NO_COMMON_BLOCKS = YES;
				GCC_OPTIMIZATION_LEVEL = 0;
				GCC_PREPROCESSOR_DEFINITIONS = (
					"DEBUG=1",
					"$(inherited)",
				);
				GCC_WARN_64_TO_32_BIT_CONVERSION = YES;
				GCC_WARN_ABOUT_RETURN_TYPE = YES_ERROR;
				GCC_WARN_UNDECLARED_SELECTOR = YES;
				GCC_WARN_UNINITIALIZED_AUTOS = YES_AGGRESSIVE;
				GCC_WARN_UNUSED_FUNCTION = YES;
				GCC_WARN_UNUSED_VARIABLE = YES;
				IPHONEOS_DEPLOYMENT_TARGET = 12.2;
				MTL_ENABLE_DEBUG_INFO = INCLUDE_SOURCE;
				MTL_FAST_MATH = YES;
				ONLY_ACTIVE_ARCH = YES;
				SDKROOT = iphoneos;
				SWIFT_ACTIVE_COMPILATION_CONDITIONS = DEBUG;
				SWIFT_OPTIMIZATION_LEVEL = "-Onone";
			};
			name = Debug;
		};
		9CFA8E6322B9C01100C09D93 /* Release */ = {
			isa = XCBuildConfiguration;
			buildSettings = {
				ALWAYS_SEARCH_USER_PATHS = NO;
				CLANG_ANALYZER_NONNULL = YES;
				CLANG_ANALYZER_NUMBER_OBJECT_CONVERSION = YES_AGGRESSIVE;
				CLANG_CXX_LANGUAGE_STANDARD = "gnu++14";
				CLANG_CXX_LIBRARY = "libc++";
				CLANG_ENABLE_MODULES = YES;
				CLANG_ENABLE_OBJC_ARC = YES;
				CLANG_ENABLE_OBJC_WEAK = YES;
				CLANG_WARN_BLOCK_CAPTURE_AUTORELEASING = YES;
				CLANG_WARN_BOOL_CONVERSION = YES;
				CLANG_WARN_COMMA = YES;
				CLANG_WARN_CONSTANT_CONVERSION = YES;
				CLANG_WARN_DEPRECATED_OBJC_IMPLEMENTATIONS = YES;
				CLANG_WARN_DIRECT_OBJC_ISA_USAGE = YES_ERROR;
				CLANG_WARN_DOCUMENTATION_COMMENTS = YES;
				CLANG_WARN_EMPTY_BODY = YES;
				CLANG_WARN_ENUM_CONVERSION = YES;
				CLANG_WARN_INFINITE_RECURSION = YES;
				CLANG_WARN_INT_CONVERSION = YES;
				CLANG_WARN_NON_LITERAL_NULL_CONVERSION = YES;
				CLANG_WARN_OBJC_IMPLICIT_RETAIN_SELF = YES;
				CLANG_WARN_OBJC_LITERAL_CONVERSION = YES;
				CLANG_WARN_OBJC_ROOT_CLASS = YES_ERROR;
				CLANG_WARN_RANGE_LOOP_ANALYSIS = YES;
				CLANG_WARN_STRICT_PROTOTYPES = YES;
				CLANG_WARN_SUSPICIOUS_MOVE = YES;
				CLANG_WARN_UNGUARDED_AVAILABILITY = YES_AGGRESSIVE;
				CLANG_WARN_UNREACHABLE_CODE = YES;
				CLANG_WARN__DUPLICATE_METHOD_MATCH = YES;
				CODE_SIGN_IDENTITY = "iPhone Developer";
				COPY_PHASE_STRIP = NO;
				DEBUG_INFORMATION_FORMAT = "dwarf-with-dsym";
				ENABLE_NS_ASSERTIONS = NO;
				ENABLE_STRICT_OBJC_MSGSEND = YES;
				GCC_C_LANGUAGE_STANDARD = gnu11;
				GCC_NO_COMMON_BLOCKS = YES;
				GCC_WARN_64_TO_32_BIT_CONVERSION = YES;
				GCC_WARN_ABOUT_RETURN_TYPE = YES_ERROR;
				GCC_WARN_UNDECLARED_SELECTOR = YES;
				GCC_WARN_UNINITIALIZED_AUTOS = YES_AGGRESSIVE;
				GCC_WARN_UNUSED_FUNCTION = YES;
				GCC_WARN_UNUSED_VARIABLE = YES;
				IPHONEOS_DEPLOYMENT_TARGET = 12.2;
				MTL_ENABLE_DEBUG_INFO = NO;
				MTL_FAST_MATH = YES;
				SDKROOT = iphoneos;
				SWIFT_COMPILATION_MODE = wholemodule;
				SWIFT_OPTIMIZATION_LEVEL = "-O";
				VALIDATE_PRODUCT = YES;
			};
			name = Release;
		};
		9CFA8E6522B9C01100C09D93 /* Debug */ = {
			isa = XCBuildConfiguration;
			baseConfigurationReference = 92643AF6A9A14BCB27E7E55B /* Pods-PicCollage Quiz.debug.xcconfig */;
			buildSettings = {
				ASSETCATALOG_COMPILER_APPICON_NAME = AppIcon;
				CODE_SIGN_STYLE = Automatic;
				DEVELOPMENT_TEAM = 3YA9884FMS;
				INFOPLIST_FILE = "PicCollage Quiz/Info.plist";
				LD_RUNPATH_SEARCH_PATHS = (
					"$(inherited)",
					"@executable_path/Frameworks",
				);
				PRODUCT_BUNDLE_IDENTIFIER = "com.joyunhsu.PicCollage-Quiz";
				PRODUCT_NAME = "$(TARGET_NAME)";
				SWIFT_VERSION = 5.0;
				TARGETED_DEVICE_FAMILY = "1,2";
			};
			name = Debug;
		};
		9CFA8E6622B9C01100C09D93 /* Release */ = {
			isa = XCBuildConfiguration;
			baseConfigurationReference = 895A56FB592C2D9CAD4A637F /* Pods-PicCollage Quiz.release.xcconfig */;
			buildSettings = {
				ASSETCATALOG_COMPILER_APPICON_NAME = AppIcon;
				CODE_SIGN_STYLE = Automatic;
				DEVELOPMENT_TEAM = 3YA9884FMS;
				INFOPLIST_FILE = "PicCollage Quiz/Info.plist";
				LD_RUNPATH_SEARCH_PATHS = (
					"$(inherited)",
					"@executable_path/Frameworks",
				);
				PRODUCT_BUNDLE_IDENTIFIER = "com.joyunhsu.PicCollage-Quiz";
				PRODUCT_NAME = "$(TARGET_NAME)";
				SWIFT_VERSION = 5.0;
				TARGETED_DEVICE_FAMILY = "1,2";
			};
			name = Release;
		};
/* End XCBuildConfiguration section */

/* Begin XCConfigurationList section */
		9CFA8E4D22B9C00F00C09D93 /* Build configuration list for PBXProject "PicCollage Quiz" */ = {
			isa = XCConfigurationList;
			buildConfigurations = (
				9CFA8E6222B9C01100C09D93 /* Debug */,
				9CFA8E6322B9C01100C09D93 /* Release */,
			);
			defaultConfigurationIsVisible = 0;
			defaultConfigurationName = Release;
		};
		9CFA8E6422B9C01100C09D93 /* Build configuration list for PBXNativeTarget "PicCollage Quiz" */ = {
			isa = XCConfigurationList;
			buildConfigurations = (
				9CFA8E6522B9C01100C09D93 /* Debug */,
				9CFA8E6622B9C01100C09D93 /* Release */,
			);
			defaultConfigurationIsVisible = 0;
			defaultConfigurationName = Release;
		};
/* End XCConfigurationList section */
	};
	rootObject = 9CFA8E4A22B9C00F00C09D93 /* Project object */;
}
